// !$*UTF8*$!
{
	archiveVersion = 1;
	classes = {
	};
	objectVersion = 46;
	objects = {

/* Begin PBXBuildFile section */
		8930BE231D231CDF00A583D0 /* CountryDetailUIViewController.swift in Sources */ = {isa = PBXBuildFile; fileRef = 8930BE221D231CDF00A583D0 /* CountryDetailUIViewController.swift */; };
		8930BE271D233D7300A583D0 /* MapsViewController.swift in Sources */ = {isa = PBXBuildFile; fileRef = 8930BE261D233D7300A583D0 /* MapsViewController.swift */; };
		89A601641D2230B60056FF26 /* AppDelegate.swift in Sources */ = {isa = PBXBuildFile; fileRef = 89A601631D2230B60056FF26 /* AppDelegate.swift */; };
		89A601691D2230B60056FF26 /* Main.storyboard in Resources */ = {isa = PBXBuildFile; fileRef = 89A601671D2230B60056FF26 /* Main.storyboard */; };
		89A6016C1D2230B60056FF26 /* CodingChallengeOmate.xcdatamodeld in Sources */ = {isa = PBXBuildFile; fileRef = 89A6016A1D2230B60056FF26 /* CodingChallengeOmate.xcdatamodeld */; };
		89A6016E1D2230B60056FF26 /* Assets.xcassets in Resources */ = {isa = PBXBuildFile; fileRef = 89A6016D1D2230B60056FF26 /* Assets.xcassets */; };
		89A601711D2230B60056FF26 /* LaunchScreen.storyboard in Resources */ = {isa = PBXBuildFile; fileRef = 89A6016F1D2230B60056FF26 /* LaunchScreen.storyboard */; };
		89A6017C1D2230B70056FF26 /* CodingChallengeOmateTests.swift in Sources */ = {isa = PBXBuildFile; fileRef = 89A6017B1D2230B70056FF26 /* CodingChallengeOmateTests.swift */; };
		89A601871D2230B70056FF26 /* CodingChallengeOmateUITests.swift in Sources */ = {isa = PBXBuildFile; fileRef = 89A601861D2230B70056FF26 /* CodingChallengeOmateUITests.swift */; };
		89A601971D22496C0056FF26 /* MainTableViewController.swift in Sources */ = {isa = PBXBuildFile; fileRef = 89A601961D22496C0056FF26 /* MainTableViewController.swift */; };
		89A601991D224FA10056FF26 /* ViewModelCSV.swift in Sources */ = {isa = PBXBuildFile; fileRef = 89A601981D224FA10056FF26 /* ViewModelCSV.swift */; };
		89A6019D1D229A6D0056FF26 /* data.csv in Resources */ = {isa = PBXBuildFile; fileRef = 89A6019C1D229A6D0056FF26 /* data.csv */; };
/* End PBXBuildFile section */

/* Begin PBXContainerItemProxy section */
		89A601781D2230B70056FF26 /* PBXContainerItemProxy */ = {
			isa = PBXContainerItemProxy;
			containerPortal = 89A601581D2230B60056FF26 /* Project object */;
			proxyType = 1;
			remoteGlobalIDString = 89A6015F1D2230B60056FF26;
			remoteInfo = CodingChallengeOmate;
		};
		89A601831D2230B70056FF26 /* PBXContainerItemProxy */ = {
			isa = PBXContainerItemProxy;
			containerPortal = 89A601581D2230B60056FF26 /* Project object */;
			proxyType = 1;
			remoteGlobalIDString = 89A6015F1D2230B60056FF26;
			remoteInfo = CodingChallengeOmate;
		};
/* End PBXContainerItemProxy section */

/* Begin PBXFileReference section */
		8930BE221D231CDF00A583D0 /* CountryDetailUIViewController.swift */ = {isa = PBXFileReference; fileEncoding = 4; lastKnownFileType = sourcecode.swift; path = CountryDetailUIViewController.swift; sourceTree = "<group>"; };
		8930BE261D233D7300A583D0 /* MapsViewController.swift */ = {isa = PBXFileReference; fileEncoding = 4; lastKnownFileType = sourcecode.swift; path = MapsViewController.swift; sourceTree = "<group>"; };
		89A601601D2230B60056FF26 /* CodingChallengeOmate.app */ = {isa = PBXFileReference; explicitFileType = wrapper.application; includeInIndex = 0; path = CodingChallengeOmate.app; sourceTree = BUILT_PRODUCTS_DIR; };
		89A601631D2230B60056FF26 /* AppDelegate.swift */ = {isa = PBXFileReference; lastKnownFileType = sourcecode.swift; path = AppDelegate.swift; sourceTree = "<group>"; };
		89A601681D2230B60056FF26 /* Base */ = {isa = PBXFileReference; lastKnownFileType = file.storyboard; name = Base; path = Base.lproj/Main.storyboard; sourceTree = "<group>"; };
		89A6016B1D2230B60056FF26 /* CodingChallengeOmate.xcdatamodel */ = {isa = PBXFileReference; lastKnownFileType = wrapper.xcdatamodel; path = CodingChallengeOmate.xcdatamodel; sourceTree = "<group>"; };
		89A6016D1D2230B60056FF26 /* Assets.xcassets */ = {isa = PBXFileReference; lastKnownFileType = folder.assetcatalog; path = Assets.xcassets; sourceTree = "<group>"; };
		89A601701D2230B60056FF26 /* Base */ = {isa = PBXFileReference; lastKnownFileType = file.storyboard; name = Base; path = Base.lproj/LaunchScreen.storyboard; sourceTree = "<group>"; };
		89A601721D2230B60056FF26 /* Info.plist */ = {isa = PBXFileReference; lastKnownFileType = text.plist.xml; path = Info.plist; sourceTree = "<group>"; };
		89A601771D2230B70056FF26 /* CodingChallengeOmateTests.xctest */ = {isa = PBXFileReference; explicitFileType = wrapper.cfbundle; includeInIndex = 0; path = CodingChallengeOmateTests.xctest; sourceTree = BUILT_PRODUCTS_DIR; };
		89A6017B1D2230B70056FF26 /* CodingChallengeOmateTests.swift */ = {isa = PBXFileReference; lastKnownFileType = sourcecode.swift; path = CodingChallengeOmateTests.swift; sourceTree = "<group>"; };
		89A6017D1D2230B70056FF26 /* Info.plist */ = {isa = PBXFileReference; lastKnownFileType = text.plist.xml; path = Info.plist; sourceTree = "<group>"; };
		89A601821D2230B70056FF26 /* CodingChallengeOmateUITests.xctest */ = {isa = PBXFileReference; explicitFileType = wrapper.cfbundle; includeInIndex = 0; path = CodingChallengeOmateUITests.xctest; sourceTree = BUILT_PRODUCTS_DIR; };
		89A601861D2230B70056FF26 /* CodingChallengeOmateUITests.swift */ = {isa = PBXFileReference; lastKnownFileType = sourcecode.swift; path = CodingChallengeOmateUITests.swift; sourceTree = "<group>"; };
		89A601881D2230B70056FF26 /* Info.plist */ = {isa = PBXFileReference; lastKnownFileType = text.plist.xml; path = Info.plist; sourceTree = "<group>"; };
		89A601961D22496C0056FF26 /* MainTableViewController.swift */ = {isa = PBXFileReference; fileEncoding = 4; lastKnownFileType = sourcecode.swift; path = MainTableViewController.swift; sourceTree = "<group>"; };
		89A601981D224FA10056FF26 /* ViewModelCSV.swift */ = {isa = PBXFileReference; fileEncoding = 4; lastKnownFileType = sourcecode.swift; path = ViewModelCSV.swift; sourceTree = "<group>"; };
		89A6019C1D229A6D0056FF26 /* data.csv */ = {isa = PBXFileReference; fileEncoding = 4; lastKnownFileType = text; path = data.csv; sourceTree = "<group>"; };
/* End PBXFileReference section */

/* Begin PBXFrameworksBuildPhase section */
		89A6015D1D2230B60056FF26 /* Frameworks */ = {
			isa = PBXFrameworksBuildPhase;
			buildActionMask = 2147483647;
			files = (
			);
			runOnlyForDeploymentPostprocessing = 0;
		};
		89A601741D2230B70056FF26 /* Frameworks */ = {
			isa = PBXFrameworksBuildPhase;
			buildActionMask = 2147483647;
			files = (
			);
			runOnlyForDeploymentPostprocessing = 0;
		};
		89A6017F1D2230B70056FF26 /* Frameworks */ = {
			isa = PBXFrameworksBuildPhase;
			buildActionMask = 2147483647;
			files = (
			);
			runOnlyForDeploymentPostprocessing = 0;
		};
/* End PBXFrameworksBuildPhase section */

/* Begin PBXGroup section */
		89A601571D2230B60056FF26 = {
			isa = PBXGroup;
			children = (
				89A601621D2230B60056FF26 /* CodingChallengeOmate */,
				89A6017A1D2230B70056FF26 /* CodingChallengeOmateTests */,
				89A601851D2230B70056FF26 /* CodingChallengeOmateUITests */,
				89A601611D2230B60056FF26 /* Products */,
			);
			sourceTree = "<group>";
		};
		89A601611D2230B60056FF26 /* Products */ = {
			isa = PBXGroup;
			children = (
				89A601601D2230B60056FF26 /* CodingChallengeOmate.app */,
				89A601771D2230B70056FF26 /* CodingChallengeOmateTests.xctest */,
				89A601821D2230B70056FF26 /* CodingChallengeOmateUITests.xctest */,
			);
			name = Products;
			sourceTree = "<group>";
		};
		89A601621D2230B60056FF26 /* CodingChallengeOmate */ = {
			isa = PBXGroup;
			children = (
				89A6019C1D229A6D0056FF26 /* data.csv */,
				89A601631D2230B60056FF26 /* AppDelegate.swift */,
				89A601981D224FA10056FF26 /* ViewModelCSV.swift */,
				8930BE261D233D7300A583D0 /* MapsViewController.swift */,
				8930BE221D231CDF00A583D0 /* CountryDetailUIViewController.swift */,
				89A601961D22496C0056FF26 /* MainTableViewController.swift */,
				89A601671D2230B60056FF26 /* Main.storyboard */,
				89A6016D1D2230B60056FF26 /* Assets.xcassets */,
				89A6016F1D2230B60056FF26 /* LaunchScreen.storyboard */,
				89A601721D2230B60056FF26 /* Info.plist */,
				89A6016A1D2230B60056FF26 /* CodingChallengeOmate.xcdatamodeld */,
			);
			path = CodingChallengeOmate;
			sourceTree = "<group>";
		};
		89A6017A1D2230B70056FF26 /* CodingChallengeOmateTests */ = {
			isa = PBXGroup;
			children = (
				89A6017B1D2230B70056FF26 /* CodingChallengeOmateTests.swift */,
				89A6017D1D2230B70056FF26 /* Info.plist */,
			);
			path = CodingChallengeOmateTests;
			sourceTree = "<group>";
		};
		89A601851D2230B70056FF26 /* CodingChallengeOmateUITests */ = {
			isa = PBXGroup;
			children = (
				89A601861D2230B70056FF26 /* CodingChallengeOmateUITests.swift */,
				89A601881D2230B70056FF26 /* Info.plist */,
			);
			path = CodingChallengeOmateUITests;
			sourceTree = "<group>";
		};
/* End PBXGroup section */

/* Begin PBXNativeTarget section */
		89A6015F1D2230B60056FF26 /* CodingChallengeOmate */ = {
			isa = PBXNativeTarget;
			buildConfigurationList = 89A6018B1D2230B70056FF26 /* Build configuration list for PBXNativeTarget "CodingChallengeOmate" */;
			buildPhases = (
				89A6015C1D2230B60056FF26 /* Sources */,
				89A6015D1D2230B60056FF26 /* Frameworks */,
				89A6015E1D2230B60056FF26 /* Resources */,
			);
			buildRules = (
			);
			dependencies = (
			);
			name = CodingChallengeOmate;
			productName = CodingChallengeOmate;
			productReference = 89A601601D2230B60056FF26 /* CodingChallengeOmate.app */;
			productType = "com.apple.product-type.application";
		};
		89A601761D2230B70056FF26 /* CodingChallengeOmateTests */ = {
			isa = PBXNativeTarget;
			buildConfigurationList = 89A6018E1D2230B70056FF26 /* Build configuration list for PBXNativeTarget "CodingChallengeOmateTests" */;
			buildPhases = (
				89A601731D2230B70056FF26 /* Sources */,
				89A601741D2230B70056FF26 /* Frameworks */,
				89A601751D2230B70056FF26 /* Resources */,
			);
			buildRules = (
			);
			dependencies = (
				89A601791D2230B70056FF26 /* PBXTargetDependency */,
			);
			name = CodingChallengeOmateTests;
			productName = CodingChallengeOmateTests;
			productReference = 89A601771D2230B70056FF26 /* CodingChallengeOmateTests.xctest */;
			productType = "com.apple.product-type.bundle.unit-test";
		};
		89A601811D2230B70056FF26 /* CodingChallengeOmateUITests */ = {
			isa = PBXNativeTarget;
			buildConfigurationList = 89A601911D2230B70056FF26 /* Build configuration list for PBXNativeTarget "CodingChallengeOmateUITests" */;
			buildPhases = (
				89A6017E1D2230B70056FF26 /* Sources */,
				89A6017F1D2230B70056FF26 /* Frameworks */,
				89A601801D2230B70056FF26 /* Resources */,
			);
			buildRules = (
			);
			dependencies = (
				89A601841D2230B70056FF26 /* PBXTargetDependency */,
			);
			name = CodingChallengeOmateUITests;
			productName = CodingChallengeOmateUITests;
			productReference = 89A601821D2230B70056FF26 /* CodingChallengeOmateUITests.xctest */;
			productType = "com.apple.product-type.bundle.ui-testing";
		};
/* End PBXNativeTarget section */

/* Begin PBXProject section */
		89A601581D2230B60056FF26 /* Project object */ = {
			isa = PBXProject;
			attributes = {
				LastSwiftUpdateCheck = 0730;
				LastUpgradeCheck = 0730;
				ORGANIZATIONNAME = ManpreetSandhu;
				TargetAttributes = {
					89A6015F1D2230B60056FF26 = {
						CreatedOnToolsVersion = 7.3.1;
					};
					89A601761D2230B70056FF26 = {
						CreatedOnToolsVersion = 7.3.1;
						TestTargetID = 89A6015F1D2230B60056FF26;
					};
					89A601811D2230B70056FF26 = {
						CreatedOnToolsVersion = 7.3.1;
						TestTargetID = 89A6015F1D2230B60056FF26;
					};
				};
			};
			buildConfigurationList = 89A6015B1D2230B60056FF26 /* Build configuration list for PBXProject "CodingChallengeOmate" */;
			compatibilityVersion = "Xcode 3.2";
			developmentRegion = English;
			hasScannedForEncodings = 0;
			knownRegions = (
				en,
				Base,
			);
			mainGroup = 89A601571D2230B60056FF26;
			productRefGroup = 89A601611D2230B60056FF26 /* Products */;
			projectDirPath = "";
			projectRoot = "";
			targets = (
				89A6015F1D2230B60056FF26 /* CodingChallengeOmate */,
				89A601761D2230B70056FF26 /* CodingChallengeOmateTests */,
				89A601811D2230B70056FF26 /* CodingChallengeOmateUITests */,
			);
		};
/* End PBXProject section */

/* Begin PBXResourcesBuildPhase section */
		89A6015E1D2230B60056FF26 /* Resources */ = {
			isa = PBXResourcesBuildPhase;
			buildActionMask = 2147483647;
			files = (
				89A6019D1D229A6D0056FF26 /* data.csv in Resources */,
				89A601711D2230B60056FF26 /* LaunchScreen.storyboard in Resources */,
				89A6016E1D2230B60056FF26 /* Assets.xcassets in Resources */,
				89A601691D2230B60056FF26 /* Main.storyboard in Resources */,
			);
			runOnlyForDeploymentPostprocessing = 0;
		};
		89A601751D2230B70056FF26 /* Resources */ = {
			isa = PBXResourcesBuildPhase;
			buildActionMask = 2147483647;
			files = (
			);
			runOnlyForDeploymentPostprocessing = 0;
		};
		89A601801D2230B70056FF26 /* Resources */ = {
			isa = PBXResourcesBuildPhase;
			buildActionMask = 2147483647;
			files = (
			);
			runOnlyForDeploymentPostprocessing = 0;
		};
/* End PBXResourcesBuildPhase section */

/* Begin PBXSourcesBuildPhase section */
		89A6015C1D2230B60056FF26 /* Sources */ = {
			isa = PBXSourcesBuildPhase;
			buildActionMask = 2147483647;
			files = (
				89A601641D2230B60056FF26 /* AppDelegate.swift in Sources */,
				89A601971D22496C0056FF26 /* MainTableViewController.swift in Sources */,
				89A601991D224FA10056FF26 /* ViewModelCSV.swift in Sources */,
				8930BE271D233D7300A583D0 /* MapsViewController.swift in Sources */,
				8930BE231D231CDF00A583D0 /* CountryDetailUIViewController.swift in Sources */,
				89A6016C1D2230B60056FF26 /* CodingChallengeOmate.xcdatamodeld in Sources */,
			);
			runOnlyForDeploymentPostprocessing = 0;
		};
		89A601731D2230B70056FF26 /* Sources */ = {
			isa = PBXSourcesBuildPhase;
			buildActionMask = 2147483647;
			files = (
				89A6017C1D2230B70056FF26 /* CodingChallengeOmateTests.swift in Sources */,
			);
			runOnlyForDeploymentPostprocessing = 0;
		};
		89A6017E1D2230B70056FF26 /* Sources */ = {
			isa = PBXSourcesBuildPhase;
			buildActionMask = 2147483647;
			files = (
				89A601871D2230B70056FF26 /* CodingChallengeOmateUITests.swift in Sources */,
			);
			runOnlyForDeploymentPostprocessing = 0;
		};
/* End PBXSourcesBuildPhase section */

/* Begin PBXTargetDependency section */
		89A601791D2230B70056FF26 /* PBXTargetDependency */ = {
			isa = PBXTargetDependency;
			target = 89A6015F1D2230B60056FF26 /* CodingChallengeOmate */;
			targetProxy = 89A601781D2230B70056FF26 /* PBXContainerItemProxy */;
		};
		89A601841D2230B70056FF26 /* PBXTargetDependency */ = {
			isa = PBXTargetDependency;
			target = 89A6015F1D2230B60056FF26 /* CodingChallengeOmate */;
			targetProxy = 89A601831D2230B70056FF26 /* PBXContainerItemProxy */;
		};
/* End PBXTargetDependency section */

/* Begin PBXVariantGroup section */
		89A601671D2230B60056FF26 /* Main.storyboard */ = {
			isa = PBXVariantGroup;
			children = (
				89A601681D2230B60056FF26 /* Base */,
			);
			name = Main.storyboard;
			sourceTree = "<group>";
		};
		89A6016F1D2230B60056FF26 /* LaunchScreen.storyboard */ = {
			isa = PBXVariantGroup;
			children = (
				89A601701D2230B60056FF26 /* Base */,
			);
			name = LaunchScreen.storyboard;
			sourceTree = "<group>";
		};
/* End PBXVariantGroup section */

/* Begin XCBuildConfiguration section */
		89A601891D2230B70056FF26 /* Debug */ = {
			isa = XCBuildConfiguration;
			buildSettings = {
				ALWAYS_SEARCH_USER_PATHS = NO;
				CLANG_ANALYZER_NONNULL = YES;
				CLANG_CXX_LANGUAGE_STANDARD = "gnu++0x";
				CLANG_CXX_LIBRARY = "libc++";
				CLANG_ENABLE_MODULES = YES;
				CLANG_ENABLE_OBJC_ARC = YES;
				CLANG_WARN_BOOL_CONVERSION = YES;
				CLANG_WARN_CONSTANT_CONVERSION = YES;
				CLANG_WARN_DIRECT_OBJC_ISA_USAGE = YES_ERROR;
				CLANG_WARN_EMPTY_BODY = YES;
				CLANG_WARN_ENUM_CONVERSION = YES;
				CLANG_WARN_INT_CONVERSION = YES;
				CLANG_WARN_OBJC_ROOT_CLASS = YES_ERROR;
				CLANG_WARN_UNREACHABLE_CODE = YES;
				CLANG_WARN__DUPLICATE_METHOD_MATCH = YES;
				"CODE_SIGN_IDENTITY[sdk=iphoneos*]" = "iPhone Developer";
				COPY_PHASE_STRIP = NO;
				DEBUG_INFORMATION_FORMAT = dwarf;
				ENABLE_STRICT_OBJC_MSGSEND = YES;
				ENABLE_TESTABILITY = YES;
				GCC_C_LANGUAGE_STANDARD = gnu99;
				GCC_DYNAMIC_NO_PIC = NO;
				GCC_NO_COMMON_BLOCKS = YES;
				GCC_OPTIMIZATION_LEVEL = 0;
				GCC_PREPROCESSOR_DEFINITIONS = (
					"DEBUG=1",
					"$(inherited)",
				);
				GCC_WARN_64_TO_32_BIT_CONVERSION = YES;
				GCC_WARN_ABOUT_RETURN_TYPE = YES_ERROR;
				GCC_WARN_UNDECLARED_SELECTOR = YES;
				GCC_WARN_UNINITIALIZED_AUTOS = YES_AGGRESSIVE;
				GCC_WARN_UNUSED_FUNCTION = YES;
				GCC_WARN_UNUSED_VARIABLE = YES;
				IPHONEOS_DEPLOYMENT_TARGET = 9.3;
				MTL_ENABLE_DEBUG_INFO = YES;
				ONLY_ACTIVE_ARCH = YES;
				SDKROOT = iphoneos;
				SWIFT_OPTIMIZATION_LEVEL = "-Onone";
				TARGETED_DEVICE_FAMILY = "1,2";
			};
			name = Debug;
		};
		89A6018A1D2230B70056FF26 /* Release */ = {
			isa = XCBuildConfiguration;
			buildSettings = {
				ALWAYS_SEARCH_USER_PATHS = NO;
				CLANG_ANALYZER_NONNULL = YES;
				CLANG_CXX_LANGUAGE_STANDARD = "gnu++0x";
				CLANG_CXX_LIBRARY = "libc++";
				CLANG_ENABLE_MODULES = YES;
				CLANG_ENABLE_OBJC_ARC = YES;
				CLANG_WARN_BOOL_CONVERSION = YES;
				CLANG_WARN_CONSTANT_CONVERSION = YES;
				CLANG_WARN_DIRECT_OBJC_ISA_USAGE = YES_ERROR;
				CLANG_WARN_EMPTY_BODY = YES;
				CLANG_WARN_ENUM_CONVERSION = YES;
				CLANG_WARN_INT_CONVERSION = YES;
				CLANG_WARN_OBJC_ROOT_CLASS = YES_ERROR;
				CLANG_WARN_UNREACHABLE_CODE = YES;
				CLANG_WARN__DUPLICATE_METHOD_MATCH = YES;
				"CODE_SIGN_IDENTITY[sdk=iphoneos*]" = "iPhone Developer";
				COPY_PHASE_STRIP = NO;
				DEBUG_INFORMATION_FORMAT = "dwarf-with-dsym";
				ENABLE_NS_ASSERTIONS = NO;
				ENABLE_STRICT_OBJC_MSGSEND = YES;
				GCC_C_LANGUAGE_STANDARD = gnu99;
				GCC_NO_COMMON_BLOCKS = YES;
				GCC_WARN_64_TO_32_BIT_CONVERSION = YES;
				GCC_WARN_ABOUT_RETURN_TYPE = YES_ERROR;
				GCC_WARN_UNDECLARED_SELECTOR = YES;
				GCC_WARN_UNINITIALIZED_AUTOS = YES_AGGRESSIVE;
				GCC_WARN_UNUSED_FUNCTION = YES;
				GCC_WARN_UNUSED_VARIABLE = YES;
				IPHONEOS_DEPLOYMENT_TARGET = 9.3;
				MTL_ENABLE_DEBUG_INFO = NO;
				SDKROOT = iphoneos;
				TARGETED_DEVICE_FAMILY = "1,2";
				VALIDATE_PRODUCT = YES;
			};
			name = Release;
		};
		89A6018C1D2230B70056FF26 /* Debug */ = {
			isa = XCBuildConfiguration;
			buildSettings = {
				ASSETCATALOG_COMPILER_APPICON_NAME = AppIcon;
				INFOPLIST_FILE = CodingChallengeOmate/Info.plist;
				LD_RUNPATH_SEARCH_PATHS = "$(inherited) @executable_path/Frameworks";
				PRODUCT_BUNDLE_IDENTIFIER = manpreetSandhu.CodingChallengeOmate;
				PRODUCT_NAME = "$(TARGET_NAME)";
			};
			name = Debug;
		};
		89A6018D1D2230B70056FF26 /* Release */ = {
			isa = XCBuildConfiguration;
			buildSettings = {
				ASSETCATALOG_COMPILER_APPICON_NAME = AppIcon;
				INFOPLIST_FILE = CodingChallengeOmate/Info.plist;
				LD_RUNPATH_SEARCH_PATHS = "$(inherited) @executable_path/Frameworks";
				PRODUCT_BUNDLE_IDENTIFIER = manpreetSandhu.CodingChallengeOmate;
				PRODUCT_NAME = "$(TARGET_NAME)";
			};
			name = Release;
		};
		89A6018F1D2230B70056FF26 /* Debug */ = {
			isa = XCBuildConfiguration;
			buildSettings = {
				BUNDLE_LOADER = "$(TEST_HOST)";
				INFOPLIST_FILE = CodingChallengeOmateTests/Info.plist;
				LD_RUNPATH_SEARCH_PATHS = "$(inherited) @executable_path/Frameworks @loader_path/Frameworks";
				PRODUCT_BUNDLE_IDENTIFIER = manpreetSandhu.CodingChallengeOmateTests;
				PRODUCT_NAME = "$(TARGET_NAME)";
				TEST_HOST = "$(BUILT_PRODUCTS_DIR)/CodingChallengeOmate.app/CodingChallengeOmate";
			};
			name = Debug;
		};
		89A601901D2230B70056FF26 /* Release */ = {
			isa = XCBuildConfiguration;
			buildSettings = {
				BUNDLE_LOADER = "$(TEST_HOST)";
				INFOPLIST_FILE = CodingChallengeOmateTests/Info.plist;
				LD_RUNPATH_SEARCH_PATHS = "$(inherited) @executable_path/Frameworks @loader_path/Frameworks";
				PRODUCT_BUNDLE_IDENTIFIER = manpreetSandhu.CodingChallengeOmateTests;
				PRODUCT_NAME = "$(TARGET_NAME)";
				TEST_HOST = "$(BUILT_PRODUCTS_DIR)/CodingChallengeOmate.app/CodingChallengeOmate";
			};
			name = Release;
		};
		89A601921D2230B70056FF26 /* Debug */ = {
			isa = XCBuildConfiguration;
			buildSettings = {
				INFOPLIST_FILE = CodingChallengeOmateUITests/Info.plist;
				LD_RUNPATH_SEARCH_PATHS = "$(inherited) @executable_path/Frameworks @loader_path/Frameworks";
				PRODUCT_BUNDLE_IDENTIFIER = manpreetSandhu.CodingChallengeOmateUITests;
				PRODUCT_NAME = "$(TARGET_NAME)";
				TEST_TARGET_NAME = CodingChallengeOmate;
			};
			name = Debug;
		};
		89A601931D2230B70056FF26 /* Release */ = {
			isa = XCBuildConfiguration;
			buildSettings = {
				INFOPLIST_FILE = CodingChallengeOmateUITests/Info.plist;
				LD_RUNPATH_SEARCH_PATHS = "$(inherited) @executable_path/Frameworks @loader_path/Frameworks";
				PRODUCT_BUNDLE_IDENTIFIER = manpreetSandhu.CodingChallengeOmateUITests;
				PRODUCT_NAME = "$(TARGET_NAME)";
				TEST_TARGET_NAME = CodingChallengeOmate;
			};
			name = Release;
		};
/* End XCBuildConfiguration section */

/* Begin XCConfigurationList section */
		89A6015B1D2230B60056FF26 /* Build configuration list for PBXProject "CodingChallengeOmate" */ = {
			isa = XCConfigurationList;
			buildConfigurations = (
				89A601891D2230B70056FF26 /* Debug */,
				89A6018A1D2230B70056FF26 /* Release */,
			);
			defaultConfigurationIsVisible = 0;
			defaultConfigurationName = Release;
		};
		89A6018B1D2230B70056FF26 /* Build configuration list for PBXNativeTarget "CodingChallengeOmate" */ = {
			isa = XCConfigurationList;
			buildConfigurations = (
				89A6018C1D2230B70056FF26 /* Debug */,
				89A6018D1D2230B70056FF26 /* Release */,
			);
			defaultConfigurationIsVisible = 0;
			defaultConfigurationName = Release;
		};
		89A6018E1D2230B70056FF26 /* Build configuration list for PBXNativeTarget "CodingChallengeOmateTests" */ = {
			isa = XCConfigurationList;
			buildConfigurations = (
				89A6018F1D2230B70056FF26 /* Debug */,
				89A601901D2230B70056FF26 /* Release */,
			);
			defaultConfigurationIsVisible = 0;
			defaultConfigurationName = Release;
		};
		89A601911D2230B70056FF26 /* Build configuration list for PBXNativeTarget "CodingChallengeOmateUITests" */ = {
			isa = XCConfigurationList;
			buildConfigurations = (
				89A601921D2230B70056FF26 /* Debug */,
				89A601931D2230B70056FF26 /* Release */,
			);
			defaultConfigurationIsVisible = 0;
			defaultConfigurationName = Release;
		};
/* End XCConfigurationList section */

/* Begin XCVersionGroup section */
		89A6016A1D2230B60056FF26 /* CodingChallengeOmate.xcdatamodeld */ = {
			isa = XCVersionGroup;
			children = (
				89A6016B1D2230B60056FF26 /* CodingChallengeOmate.xcdatamodel */,
			);
			currentVersion = 89A6016B1D2230B60056FF26 /* CodingChallengeOmate.xcdatamodel */;
			path = CodingChallengeOmate.xcdatamodeld;
			sourceTree = "<group>";
			versionGroupType = wrapper.xcdatamodel;
		};
/* End XCVersionGroup section */
	};
	rootObject = 89A601581D2230B60056FF26 /* Project object */;
}
